
Microsoft Visual Studio Solution File, Format Version 12.00
# Visual Studio 15
VisualStudioVersion = 15.0.28010.2050
MinimumVisualStudioVersion = 10.0.40219.1
Project("{FAE04EC0-301F-11D3-BF4B-00C04F79EFBC}") = "POC.FrontEnd", "POC.FrontEnd\POC.FrontEnd.csproj", "{98A93D35-A636-4C30-B26E-C2F09D2EB2C9}"
EndProject
Project("{FAE04EC0-301F-11D3-BF4B-00C04F79EFBC}") = "POC.API", "POC.API\POC.API.csproj", "{940C058D-B62A-408E-BF86-6383257D669F}"
EndProject
Project("{FAE04EC0-301F-11D3-BF4B-00C04F79EFBC}") = "POC.Service", "POC.Service\POC.Service.csproj", "{9B6F37FD-4B3A-4EBB-90E3-1FE1A0545530}"
EndProject
Project("{FAE04EC0-301F-11D3-BF4B-00C04F79EFBC}") = "POC.Test", "POC.Test\POC.Test.csproj", "{04210BFA-7743-4F2F-9BE2-CABA43B188BF}"
EndProject
Global
	GlobalSection(SolutionConfigurationPlatforms) = preSolution
		Debug|Any CPU = Debug|Any CPU
		Release|Any CPU = Release|Any CPU
	EndGlobalSection
	GlobalSection(ProjectConfigurationPlatforms) = postSolution
		{98A93D35-A636-4C30-B26E-C2F09D2EB2C9}.Debug|Any CPU.ActiveCfg = Debug|Any CPU
		{98A93D35-A636-4C30-B26E-C2F09D2EB2C9}.Debug|Any CPU.Build.0 = Debug|Any CPU
		{98A93D35-A636-4C30-B26E-C2F09D2EB2C9}.Release|Any CPU.ActiveCfg = Release|Any CPU
		{98A93D35-A636-4C30-B26E-C2F09D2EB2C9}.Release|Any CPU.Build.0 = Release|Any CPU
		{940C058D-B62A-408E-BF86-6383257D669F}.Debug|Any CPU.ActiveCfg = Debug|Any CPU
		{940C058D-B62A-408E-BF86-6383257D669F}.Debug|Any CPU.Build.0 = Debug|Any CPU
		{940C058D-B62A-408E-BF86-6383257D669F}.Release|Any CPU.ActiveCfg = Release|Any CPU
		{940C058D-B62A-408E-BF86-6383257D669F}.Release|Any CPU.Build.0 = Release|Any CPU
		{9B6F37FD-4B3A-4EBB-90E3-1FE1A0545530}.Debug|Any CPU.ActiveCfg = Debug|Any CPU
		{9B6F37FD-4B3A-4EBB-90E3-1FE1A0545530}.Debug|Any CPU.Build.0 = Debug|Any CPU
		{9B6F37FD-4B3A-4EBB-90E3-1FE1A0545530}.Release|Any CPU.ActiveCfg = Release|Any CPU
		{9B6F37FD-4B3A-4EBB-90E3-1FE1A0545530}.Release|Any CPU.Build.0 = Release|Any CPU
		{04210BFA-7743-4F2F-9BE2-CABA43B188BF}.Debug|Any CPU.ActiveCfg = Debug|Any CPU
		{04210BFA-7743-4F2F-9BE2-CABA43B188BF}.Debug|Any CPU.Build.0 = Debug|Any CPU
		{04210BFA-7743-4F2F-9BE2-CABA43B188BF}.Release|Any CPU.ActiveCfg = Release|Any CPU
		{04210BFA-7743-4F2F-9BE2-CABA43B188BF}.Release|Any CPU.Build.0 = Release|Any CPU
	EndGlobalSection
	GlobalSection(SolutionProperties) = preSolution
		HideSolutionNode = FALSE
	EndGlobalSection
	GlobalSection(ExtensibilityGlobals) = postSolution
		SolutionGuid = {19E40E54-1B94-4939-908B-1E811C45AEF7}
	EndGlobalSection
EndGlobal
